
Microsoft Visual Studio Solution File, Format Version 12.00
# Visual Studio Version 17
VisualStudioVersion = 17.3.32714.290
MinimumVisualStudioVersion = 10.0.40219.1
Project("{FAE04EC0-301F-11D3-BF4B-00C04F79EFBC}") = "CRUD", "CRUD\CRUD.csproj", "{12827F06-8EB0-4577-8F3C-FB7F6CF12EA0}"
EndProject
Global
	GlobalSection(SolutionConfigurationPlatforms) = preSolution
		Debug|Any CPU = Debug|Any CPU
		Release|Any CPU = Release|Any CPU
	EndGlobalSection
	GlobalSection(ProjectConfigurationPlatforms) = postSolution
		{12827F06-8EB0-4577-8F3C-FB7F6CF12EA0}.Debug|Any CPU.ActiveCfg = Debug|Any CPU
		{12827F06-8EB0-4577-8F3C-FB7F6CF12EA0}.Debug|Any CPU.Build.0 = Debug|Any CPU
		{12827F06-8EB0-4577-8F3C-FB7F6CF12EA0}.Release|Any CPU.ActiveCfg = Release|Any CPU
		{12827F06-8EB0-4577-8F3C-FB7F6CF12EA0}.Release|Any CPU.Build.0 = Release|Any CPU
	EndGlobalSection
	GlobalSection(SolutionProperties) = preSolution
		HideSolutionNode = FALSE
	EndGlobalSection
	GlobalSection(ExtensibilityGlobals) = postSolution
		SolutionGuid = {7A206C8E-1E01-4F21-9B6E-73D838B10E61}
	EndGlobalSection
EndGlobal
